
Microsoft Visual Studio Solution File, Format Version 12.00
# Visual Studio Version 16
VisualStudioVersion = 16.0.29509.3
MinimumVisualStudioVersion = 10.0.40219.1
Project("{FAE04EC0-301F-11D3-BF4B-00C04F79EFBC}") = "sguvs", "sguvs\sguvs.csproj", "{C5B03EB7-FC83-4676-B563-553B4B01CAFF}"
EndProject
Global
	GlobalSection(SolutionConfigurationPlatforms) = preSolution
		Debug|Any CPU = Debug|Any CPU
		Release|Any CPU = Release|Any CPU
	EndGlobalSection
	GlobalSection(ProjectConfigurationPlatforms) = postSolution
		{C5B03EB7-FC83-4676-B563-553B4B01CAFF}.Debug|Any CPU.ActiveCfg = Debug|Any CPU
		{C5B03EB7-FC83-4676-B563-553B4B01CAFF}.Debug|Any CPU.Build.0 = Debug|Any CPU
		{C5B03EB7-FC83-4676-B563-553B4B01CAFF}.Release|Any CPU.ActiveCfg = Release|Any CPU
		{C5B03EB7-FC83-4676-B563-553B4B01CAFF}.Release|Any CPU.Build.0 = Release|Any CPU
	EndGlobalSection
	GlobalSection(SolutionProperties) = preSolution
		HideSolutionNode = FALSE
	EndGlobalSection
	GlobalSection(ExtensibilityGlobals) = postSolution
		SolutionGuid = {DF0FEE25-F3C3-410D-8E69-3968A611EBA1}
	EndGlobalSection
EndGlobal
